
Microsoft Visual Studio Solution File, Format Version 9.00
# Visual Studio 2005
Project("{8BC9CEB8-8B4A-11D0-8D11-00A0C91BC942}") = "LuaBindings", "LuaBindings\LuaBindings_vs80.vcproj", "{60BC064D-F309-48D3-B534-8324FBB51C58}"
	ProjectSection(ProjectDependencies) = postProject
		{D623C05B-BDD9-4D6E-8E51-E3275608DEBE} = {D623C05B-BDD9-4D6E-8E51-E3275608DEBE}
	EndProjectSection
EndProject
Project("{8BC9CEB8-8B4A-11D0-8D11-00A0C91BC942}") = "Test", "Test\XULWin_Test_vs80.vcproj", "{01FEEDB4-2408-444E-B274-8BE629148C66}"
	ProjectSection(ProjectDependencies) = postProject
		{60BC064D-F309-48D3-B534-8324FBB51C58} = {60BC064D-F309-48D3-B534-8324FBB51C58}
		{D623C05B-BDD9-4D6E-8E51-E3275608DEBE} = {D623C05B-BDD9-4D6E-8E51-E3275608DEBE}
	EndProjectSection
EndProject
Project("{8BC9CEB8-8B4A-11D0-8D11-00A0C91BC942}") = "XULWin", "XULWin\XULWin_vs80.vcproj", "{D623C05B-BDD9-4D6E-8E51-E3275608DEBE}"
EndProject
Project("{8BC9CEB8-8B4A-11D0-8D11-00A0C91BC942}") = "Scripts", "Scripts\Scripts.vcproj", "{5891F94C-74ED-4A62-9D28-C413746D0B7C}"
EndProject
Global
	GlobalSection(SolutionConfigurationPlatforms) = preSolution
		Debug|Win32 = Debug|Win32
		Release|Win32 = Release|Win32
	EndGlobalSection
	GlobalSection(ProjectConfigurationPlatforms) = postSolution
		{60BC064D-F309-48D3-B534-8324FBB51C58}.Debug|Win32.ActiveCfg = Debug|Win32
		{60BC064D-F309-48D3-B534-8324FBB51C58}.Debug|Win32.Build.0 = Debug|Win32
		{60BC064D-F309-48D3-B534-8324FBB51C58}.Release|Win32.ActiveCfg = Release|Win32
		{60BC064D-F309-48D3-B534-8324FBB51C58}.Release|Win32.Build.0 = Release|Win32
		{01FEEDB4-2408-444E-B274-8BE629148C66}.Debug|Win32.ActiveCfg = Debug|Win32
		{01FEEDB4-2408-444E-B274-8BE629148C66}.Debug|Win32.Build.0 = Debug|Win32
		{01FEEDB4-2408-444E-B274-8BE629148C66}.Release|Win32.ActiveCfg = Release|Win32
		{01FEEDB4-2408-444E-B274-8BE629148C66}.Release|Win32.Build.0 = Release|Win32
		{D623C05B-BDD9-4D6E-8E51-E3275608DEBE}.Debug|Win32.ActiveCfg = Debug|Win32
		{D623C05B-BDD9-4D6E-8E51-E3275608DEBE}.Debug|Win32.Build.0 = Debug|Win32
		{D623C05B-BDD9-4D6E-8E51-E3275608DEBE}.Release|Win32.ActiveCfg = Release|Win32
		{D623C05B-BDD9-4D6E-8E51-E3275608DEBE}.Release|Win32.Build.0 = Release|Win32
		{5891F94C-74ED-4A62-9D28-C413746D0B7C}.Debug|Win32.ActiveCfg = Debug|Win32
		{5891F94C-74ED-4A62-9D28-C413746D0B7C}.Debug|Win32.Build.0 = Debug|Win32
		{5891F94C-74ED-4A62-9D28-C413746D0B7C}.Release|Win32.ActiveCfg = Release|Win32
		{5891F94C-74ED-4A62-9D28-C413746D0B7C}.Release|Win32.Build.0 = Release|Win32
	EndGlobalSection
	GlobalSection(SolutionProperties) = preSolution
		HideSolutionNode = FALSE
	EndGlobalSection
EndGlobal
