
Microsoft Visual Studio Solution File, Format Version 10.00
# Visual C++ Express 2008
Project("{8BC9CEB8-8B4A-11D0-8D11-00A0C91BC942}") = "XULWin", "XULWin\XULWin_vs90.vcproj", "{D623C05B-BDD9-4D6E-8E51-E3275608DEBE}"
	ProjectSection(ProjectDependencies) = postProject
		{8164D41D-B053-405B-826C-CF37AC0EF176} = {8164D41D-B053-405B-826C-CF37AC0EF176}
		{9E211743-85FE-4977-82F3-4F04B40C912D} = {9E211743-85FE-4977-82F3-4F04B40C912D}
	EndProjectSection
EndProject
Project("{8BC9CEB8-8B4A-11D0-8D11-00A0C91BC942}") = "Foundation", "3rdParty\Poco\Foundation\Foundation_vs90.vcproj", "{8164D41D-B053-405B-826C-CF37AC0EF176}"
EndProject
Project("{8BC9CEB8-8B4A-11D0-8D11-00A0C91BC942}") = "XML", "3rdParty\Poco\XML\XML_vs90.vcproj", "{9E211743-85FE-4977-82F3-4F04B40C912D}"
	ProjectSection(ProjectDependencies) = postProject
		{8164D41D-B053-405B-826C-CF37AC0EF176} = {8164D41D-B053-405B-826C-CF37AC0EF176}
	EndProjectSection
EndProject
Project("{8BC9CEB8-8B4A-11D0-8D11-00A0C91BC942}") = "JavaScriptBindings", "JavaScriptBindings\JavaScriptBindings.vcproj", "{03C52712-7D92-4C02-8C97-F1DF0AF68EA1}"
	ProjectSection(ProjectDependencies) = postProject
		{8164D41D-B053-405B-826C-CF37AC0EF176} = {8164D41D-B053-405B-826C-CF37AC0EF176}
		{9E211743-85FE-4977-82F3-4F04B40C912D} = {9E211743-85FE-4977-82F3-4F04B40C912D}
		{D623C05B-BDD9-4D6E-8E51-E3275608DEBE} = {D623C05B-BDD9-4D6E-8E51-E3275608DEBE}
	EndProjectSection
EndProject
Project("{8BC9CEB8-8B4A-11D0-8D11-00A0C91BC942}") = "Test", "Test\XULWin_Test_vs90.vcproj", "{01FEEDB4-2408-444E-B274-8BE629148C66}"
	ProjectSection(ProjectDependencies) = postProject
		{03C52712-7D92-4C02-8C97-F1DF0AF68EA1} = {03C52712-7D92-4C02-8C97-F1DF0AF68EA1}
		{8164D41D-B053-405B-826C-CF37AC0EF176} = {8164D41D-B053-405B-826C-CF37AC0EF176}
		{9E211743-85FE-4977-82F3-4F04B40C912D} = {9E211743-85FE-4977-82F3-4F04B40C912D}
		{D623C05B-BDD9-4D6E-8E51-E3275608DEBE} = {D623C05B-BDD9-4D6E-8E51-E3275608DEBE}
	EndProjectSection
EndProject
Global
	GlobalSection(SolutionConfigurationPlatforms) = preSolution
		Debug|Win32 = Debug|Win32
		Release|Win32 = Release|Win32
	EndGlobalSection
	GlobalSection(ProjectConfigurationPlatforms) = postSolution
		{D623C05B-BDD9-4D6E-8E51-E3275608DEBE}.Debug|Win32.ActiveCfg = Debug|Win32
		{D623C05B-BDD9-4D6E-8E51-E3275608DEBE}.Debug|Win32.Build.0 = Debug|Win32
		{D623C05B-BDD9-4D6E-8E51-E3275608DEBE}.Release|Win32.ActiveCfg = Release|Win32
		{D623C05B-BDD9-4D6E-8E51-E3275608DEBE}.Release|Win32.Build.0 = Release|Win32
		{8164D41D-B053-405B-826C-CF37AC0EF176}.Debug|Win32.ActiveCfg = Debug|Win32
		{8164D41D-B053-405B-826C-CF37AC0EF176}.Debug|Win32.Build.0 = Debug|Win32
		{8164D41D-B053-405B-826C-CF37AC0EF176}.Release|Win32.ActiveCfg = Release|Win32
		{8164D41D-B053-405B-826C-CF37AC0EF176}.Release|Win32.Build.0 = Release|Win32
		{9E211743-85FE-4977-82F3-4F04B40C912D}.Debug|Win32.ActiveCfg = Debug|Win32
		{9E211743-85FE-4977-82F3-4F04B40C912D}.Debug|Win32.Build.0 = Debug|Win32
		{9E211743-85FE-4977-82F3-4F04B40C912D}.Release|Win32.ActiveCfg = Release|Win32
		{9E211743-85FE-4977-82F3-4F04B40C912D}.Release|Win32.Build.0 = Release|Win32
		{03C52712-7D92-4C02-8C97-F1DF0AF68EA1}.Debug|Win32.ActiveCfg = Debug|Win32
		{03C52712-7D92-4C02-8C97-F1DF0AF68EA1}.Debug|Win32.Build.0 = Debug|Win32
		{03C52712-7D92-4C02-8C97-F1DF0AF68EA1}.Release|Win32.ActiveCfg = Release|Win32
		{03C52712-7D92-4C02-8C97-F1DF0AF68EA1}.Release|Win32.Build.0 = Release|Win32
		{01FEEDB4-2408-444E-B274-8BE629148C66}.Debug|Win32.ActiveCfg = Debug|Win32
		{01FEEDB4-2408-444E-B274-8BE629148C66}.Debug|Win32.Build.0 = Debug|Win32
		{01FEEDB4-2408-444E-B274-8BE629148C66}.Release|Win32.ActiveCfg = Release|Win32
		{01FEEDB4-2408-444E-B274-8BE629148C66}.Release|Win32.Build.0 = Release|Win32
	EndGlobalSection
	GlobalSection(SolutionProperties) = preSolution
		HideSolutionNode = FALSE
	EndGlobalSection
EndGlobal
